# This file was autogenerated by uv via the following command:
#    uv pip compile --python 3.12 requirements-servicedesk.in -o requirements-servicedesk.lock
alembic==1.20.0
    # via -r requirements-servicedesk.in
annotated-doc==0.0.5
    # via fastapi
annotated-types==0.8.0
    # via pydantic
anyio==4.15.1
    # via
    #   httpx
    #   starlette
    #   watchfiles
bcrypt==5.0.0
    # via passlib
certifi==2026.7.22
    # via
    #   httpcore
    #   httpx
cffi==2.1.1
    # via cryptography
click==8.5.0
    # via uvicorn
cryptography==50.0.1
    # via python-jose
dnspython==2.8.0
    # via email-validator
ecdsa==0.19.2
    # via python-jose
email-validator==2.3.0
    # via -r requirements-servicedesk.in
fastapi==0.141.1
    # via -r requirements-servicedesk.in
grpcio==1.84.0
    # via qdrant-client
h11==0.16.0
    # via
    #   httpcore
    #   uvicorn
h2==4.4.1
    # via httpx
hpack==4.2.0
    # via h2
httpcore==1.0.9
    # via httpx
httptools==0.8.0
    # via uvicorn
httpx==0.28.1
    # via
    #   -r requirements-servicedesk.in
    #   qdrant-client
hyperframe==6.1.0
    # via h2
idna==3.20
    # via
    #   anyio
    #   email-validator
    #   httpx
mako==1.4.1
    # via alembic
markupsafe==3.0.3
    # via mako
numpy==2.5.3
    # via
    #   -r requirements-servicedesk.in
    #   qdrant-client
    #   rank-bm25
passlib==1.7.4
    # via -r requirements-servicedesk.in
portalocker==3.2.0
    # via qdrant-client
protobuf==7.36.2
    # via qdrant-client
psycopg==3.3.6
    # via -r requirements-servicedesk.in
psycopg-binary==3.3.6
    # via psycopg
pyasn1==0.6.4
    # via
    #   python-jose
    #   rsa
pycparser==3.0
    # via cffi
pydantic==2.13.5
    # via
    #   -r requirements-servicedesk.in
    #   fastapi
    #   pydantic-settings
    #   qdrant-client
pydantic-core==2.46.5
    # via pydantic
pydantic-settings==2.15.0
    # via -r requirements-servicedesk.in
pypdf==6.19.0
    # via -r requirements-servicedesk.in
python-dotenv==1.2.3
    # via
    #   pydantic-settings
    #   uvicorn
python-jose==3.5.0
    # via -r requirements-servicedesk.in
pyyaml==6.0.3
    # via uvicorn
qdrant-client==1.19.1
    # via -r requirements-servicedesk.in
rank-bm25==0.2.2
    # via -r requirements-servicedesk.in
rsa==4.9.1
    # via python-jose
six==1.17.0
    # via ecdsa
sqlalchemy==2.0.54
    # via
    #   -r requirements-servicedesk.in
    #   alembic
starlette==1.6.0
    # via fastapi
typing-extensions==4.16.0
    # via
    #   alembic
    #   anyio
    #   fastapi
    #   grpcio
    #   psycopg
    #   pydantic
    #   pydantic-core
    #   sqlalchemy
    #   starlette
    #   typing-inspection
typing-inspection==0.4.4
    # via
    #   fastapi
    #   pydantic
    #   pydantic-settings
urllib3==2.8.0
    # via qdrant-client
uvicorn==0.53.0
    # via -r requirements-servicedesk.in
uvloop==0.22.1
    # via uvicorn
watchfiles==1.2.0
    # via uvicorn
websockets==17.1
    # via uvicorn
