# This file was autogenerated by uv via the following command:
#    uv pip compile --python 3.12 /tmp/sd-dev.in -o requirements-servicedesk-dev.lock
iniconfig==2.3.0
    # via pytest
packaging==26.3
    # via pytest
pluggy==1.6.0
    # via pytest
pygments==2.21.0
    # via pytest
pytest==9.1.1
    # via
    #   -r /tmp/sd-dev.in
    #   pytest-asyncio
pytest-asyncio==1.4.0
    # via -r /tmp/sd-dev.in
ruff==0.16.8
    # via -r /tmp/sd-dev.in
typing-extensions==4.16.0
    # via pytest-asyncio
